
Microsoft Visual Studio Solution File, Format Version 12.00
# Visual Studio Version 16
VisualStudioVersion = 16.0.30002.166
MinimumVisualStudioVersion = 10.0.40219.1
Project("{FAE04EC0-301F-11D3-BF4B-00C04F79EFBC}") = "TraCuuBMT", "TraCuuBMT\TraCuuBMT.csproj", "{AE20E5E5-43F5-45E5-A362-DB7E724453E2}"
EndProject
Global
	GlobalSection(SolutionConfigurationPlatforms) = preSolution
		Debug|Any CPU = Debug|Any CPU
		Release|Any CPU = Release|Any CPU
	EndGlobalSection
	GlobalSection(ProjectConfigurationPlatforms) = postSolution
		{AE20E5E5-43F5-45E5-A362-DB7E724453E2}.Debug|Any CPU.ActiveCfg = Debug|Any CPU
		{AE20E5E5-43F5-45E5-A362-DB7E724453E2}.Debug|Any CPU.Build.0 = Debug|Any CPU
		{AE20E5E5-43F5-45E5-A362-DB7E724453E2}.Release|Any CPU.ActiveCfg = Release|Any CPU
		{AE20E5E5-43F5-45E5-A362-DB7E724453E2}.Release|Any CPU.Build.0 = Release|Any CPU
	EndGlobalSection
	GlobalSection(SolutionProperties) = preSolution
		HideSolutionNode = FALSE
	EndGlobalSection
	GlobalSection(ExtensibilityGlobals) = postSolution
		SolutionGuid = {481A718F-2A33-45AA-8BAC-E3770C06AB9D}
	EndGlobalSection
EndGlobal
